
Microsoft Visual Studio Solution File, Format Version 12.00
Project("{FAE04EC0-301F-11D3-BF4B-00C04F79EFBC}") = "ConsoleApp16", "ConsoleApp16\ConsoleApp16.csproj", "{292E0284-24FF-49E3-B321-3040197041FE}"
EndProject
Project("{FAE04EC0-301F-11D3-BF4B-00C04F79EFBC}") = "ex2", "ex2\ex2.csproj", "{BF216BBA-1E5A-4331-AAB6-A9C07A3D7ACC}"
EndProject
Project("{FAE04EC0-301F-11D3-BF4B-00C04F79EFBC}") = "ex3", "ex3\ex3.csproj", "{228F82C4-CB63-4D61-9CEF-00A66426759A}"
EndProject
Global
	GlobalSection(SolutionConfigurationPlatforms) = preSolution
		Debug|Any CPU = Debug|Any CPU
		Release|Any CPU = Release|Any CPU
	EndGlobalSection
	GlobalSection(ProjectConfigurationPlatforms) = postSolution
		{292E0284-24FF-49E3-B321-3040197041FE}.Debug|Any CPU.ActiveCfg = Debug|Any CPU
		{292E0284-24FF-49E3-B321-3040197041FE}.Debug|Any CPU.Build.0 = Debug|Any CPU
		{292E0284-24FF-49E3-B321-3040197041FE}.Release|Any CPU.ActiveCfg = Release|Any CPU
		{292E0284-24FF-49E3-B321-3040197041FE}.Release|Any CPU.Build.0 = Release|Any CPU
		{BF216BBA-1E5A-4331-AAB6-A9C07A3D7ACC}.Debug|Any CPU.ActiveCfg = Debug|Any CPU
		{BF216BBA-1E5A-4331-AAB6-A9C07A3D7ACC}.Debug|Any CPU.Build.0 = Debug|Any CPU
		{BF216BBA-1E5A-4331-AAB6-A9C07A3D7ACC}.Release|Any CPU.ActiveCfg = Release|Any CPU
		{BF216BBA-1E5A-4331-AAB6-A9C07A3D7ACC}.Release|Any CPU.Build.0 = Release|Any CPU
		{228F82C4-CB63-4D61-9CEF-00A66426759A}.Debug|Any CPU.ActiveCfg = Debug|Any CPU
		{228F82C4-CB63-4D61-9CEF-00A66426759A}.Debug|Any CPU.Build.0 = Debug|Any CPU
		{228F82C4-CB63-4D61-9CEF-00A66426759A}.Release|Any CPU.ActiveCfg = Release|Any CPU
		{228F82C4-CB63-4D61-9CEF-00A66426759A}.Release|Any CPU.Build.0 = Release|Any CPU
	EndGlobalSection
EndGlobal
